
Microsoft Visual Studio Solution File, Format Version 12.00
# Visual Studio 14
VisualStudioVersion = 14.0.25420.1
MinimumVisualStudioVersion = 10.0.40219.1
Project("{FAE04EC0-301F-11D3-BF4B-00C04F79EFBC}") = "WebSecurity", "WebSecurity\WebSecurity.csproj", "{F1C07741-01EE-4740-AD59-18B5821EE5E0}"
EndProject
Global
	GlobalSection(SolutionConfigurationPlatforms) = preSolution
		Debug|Any CPU = Debug|Any CPU
		Release|Any CPU = Release|Any CPU
	EndGlobalSection
	GlobalSection(ProjectConfigurationPlatforms) = postSolution
		{F1C07741-01EE-4740-AD59-18B5821EE5E0}.Debug|Any CPU.ActiveCfg = Debug|Any CPU
		{F1C07741-01EE-4740-AD59-18B5821EE5E0}.Debug|Any CPU.Build.0 = Debug|Any CPU
		{F1C07741-01EE-4740-AD59-18B5821EE5E0}.Release|Any CPU.ActiveCfg = Release|Any CPU
		{F1C07741-01EE-4740-AD59-18B5821EE5E0}.Release|Any CPU.Build.0 = Release|Any CPU
	EndGlobalSection
	GlobalSection(SolutionProperties) = preSolution
		HideSolutionNode = FALSE
	EndGlobalSection
	GlobalSection(TeamFoundationVersionControl) = preSolution
		SccNumberOfProjects = 2
		SccEnterpriseProvider = {4CA58AB2-18FA-4F8D-95D4-32DDF27D184C}
		SccTeamFoundationServer = https://albedewy.visualstudio.com/
		SccLocalPath0 = .
		SccProjectUniqueName1 = WebSecurity\\WebSecurity.csproj
		SccProjectName1 = WebSecurity
		SccLocalPath1 = WebSecurity
	EndGlobalSection
EndGlobal
